# @generated by Move, please check-in and do not edit manually.

[move]
version = 3
manifest_digest = "8A5076DC00640498DE2CB73088FFA7C25AB6150FF1AC101137515705A6AD967D"
deps_digest = "3C4103934B1E040BB6B23F1D610B4EF9F2F1166A50A104EADCF77467C004C600"
dependencies = [
  { id = "Sui", name = "Sui" },
  { id = "suilend", name = "suilend" },
]

[[move.package]]
id = "MoveStdlib"
source = { git = "https://github.com/MystenLabs/sui.git", rev = "testnet-v1.40.1", subdir = "crates/sui-framework/packages/move-stdlib" }

[[move.package]]
id = "Pyth"
source = { local = "../dependencies/pyth" }

dependencies = [
  { id = "Sui", name = "Sui" },
  { id = "Wormhole", name = "Wormhole" },
]

[[move.package]]
id = "Sui"
source = { git = "https://github.com/MystenLabs/sui.git", rev = "testnet-v1.40.1", subdir = "crates/sui-framework/packages/sui-framework" }

dependencies = [
  { id = "MoveStdlib", name = "MoveStdlib" },
]

[[move.package]]
id = "SuiSystem"
source = { git = "https://github.com/MystenLabs/sui.git", rev = "testnet-v1.40.1", subdir = "crates/sui-framework/packages/sui-system" }

dependencies = [
  { id = "MoveStdlib", name = "MoveStdlib" },
  { id = "Sui", name = "Sui" },
]

[[move.package]]
id = "Wormhole"
source = { local = "../dependencies/wormhole" }

dependencies = [
  { id = "Sui", name = "Sui" },
]

[[move.package]]
id = "liquid_staking"
source = { local = "../dependencies/liquid_staking" }

dependencies = [
  { id = "Sui", name = "Sui" },
  { id = "SuiSystem", name = "SuiSystem" },
]

[[move.package]]
id = "sprungsui"
source = { local = "../dependencies/sprungsui" }

dependencies = [
  { id = "Sui", name = "Sui" },
]

[[move.package]]
id = "suilend"
source = { local = "../dependencies/suilend" }

dependencies = [
  { id = "Pyth", name = "Pyth" },
  { id = "Sui", name = "Sui" },
  { id = "liquid_staking", name = "liquid_staking" },
  { id = "sprungsui", name = "sprungsui" },
]

[move.toolchain-version]
compiler-version = "1.40.1"
edition = "2024.beta"
flavor = "sui"

[env]

[env.testnet]
chain-id = "4c78adac"
original-published-id = "0x0248d02e356aa2954eeca9ead0bd3df976eda06044a7d29009f31740d612ac8e"
latest-published-id = "0x0248d02e356aa2954eeca9ead0bd3df976eda06044a7d29009f31740d612ac8e"
published-version = "1"
